// !$*UTF8*$!
{
	archiveVersion = 1;
	classes = {
	};
	objectVersion = 55;
	objects = {

/* Begin PBXBuildFile section */
		08036A17294A4C850091B29E /* AppDelegate.swift in Sources */ = {isa = PBXBuildFile; fileRef = 08036A16294A4C850091B29E /* AppDelegate.swift */; };
		08036A19294A4C850091B29E /* SceneDelegate.swift in Sources */ = {isa = PBXBuildFile; fileRef = 08036A18294A4C850091B29E /* SceneDelegate.swift */; };
		08036A1E294A4C850091B29E /* Main.storyboard in Resources */ = {isa = PBXBuildFile; fileRef = 08036A1C294A4C850091B29E /* Main.storyboard */; };
		08036A20294A4C880091B29E /* Assets.xcassets in Resources */ = {isa = PBXBuildFile; fileRef = 08036A1F294A4C880091B29E /* Assets.xcassets */; };
		08036A23294A4C880091B29E /* LaunchScreen.storyboard in Resources */ = {isa = PBXBuildFile; fileRef = 08036A21294A4C880091B29E /* LaunchScreen.storyboard */; };
		08036A33294A54760091B29E /* LoginViewController.swift in Sources */ = {isa = PBXBuildFile; fileRef = 08036A32294A54760091B29E /* LoginViewController.swift */; };
		08036A35294A54F00091B29E /* CreateProfileViewController.swift in Sources */ = {isa = PBXBuildFile; fileRef = 08036A34294A54F00091B29E /* CreateProfileViewController.swift */; };
		08036A37294A57420091B29E /* FeedViewController.swift in Sources */ = {isa = PBXBuildFile; fileRef = 08036A36294A57420091B29E /* FeedViewController.swift */; };
		08036A39294A57C80091B29E /* CameraViewController.swift in Sources */ = {isa = PBXBuildFile; fileRef = 08036A38294A57C80091B29E /* CameraViewController.swift */; };
		08036A3B294A57D20091B29E /* SettingsViewController.swift in Sources */ = {isa = PBXBuildFile; fileRef = 08036A3A294A57D20091B29E /* SettingsViewController.swift */; };
		08036A3D294A68D10091B29E /* GoogleService-Info.plist in Resources */ = {isa = PBXBuildFile; fileRef = 08036A3C294A68D10091B29E /* GoogleService-Info.plist */; };
		089A1323294AFEA800864174 /* UserService.swift in Sources */ = {isa = PBXBuildFile; fileRef = 089A1322294AFEA800864174 /* UserService.swift */; };
		089A1325294AFFF700864174 /* PhotoUser.swift in Sources */ = {isa = PBXBuildFile; fileRef = 089A1324294AFFF700864174 /* PhotoUser.swift */; };
		089A1327294B035400864174 /* Constants.swift in Sources */ = {isa = PBXBuildFile; fileRef = 089A1326294B035400864174 /* Constants.swift */; };
		089A1329294B0EE200864174 /* LocalStorageService.swift in Sources */ = {isa = PBXBuildFile; fileRef = 089A1328294B0EE200864174 /* LocalStorageService.swift */; };
		089A132B294B22B500864174 /* MainTabBarController.swift in Sources */ = {isa = PBXBuildFile; fileRef = 089A132A294B22B500864174 /* MainTabBarController.swift */; };
		089A132D294B43A700864174 /* Photo.swift in Sources */ = {isa = PBXBuildFile; fileRef = 089A132C294B43A700864174 /* Photo.swift */; };
		089A132F294B43E200864174 /* PhotoService.swift in Sources */ = {isa = PBXBuildFile; fileRef = 089A132E294B43E200864174 /* PhotoService.swift */; };
		08F5335D294F346800B623EC /* PhotoCell.swift in Sources */ = {isa = PBXBuildFile; fileRef = 08F5335C294F346800B623EC /* PhotoCell.swift */; };
		08F5335F294F516E00B623EC /* ImageCacheService.swift in Sources */ = {isa = PBXBuildFile; fileRef = 08F5335E294F516E00B623EC /* ImageCacheService.swift */; };
		D3C74049C5F7E4B31520542C /* Pods_PhotoApp.framework in Frameworks */ = {isa = PBXBuildFile; fileRef = E68EFE9245E6B21BF68FD9F4 /* Pods_PhotoApp.framework */; };
/* End PBXBuildFile section */

/* Begin PBXFileReference section */
		08036A13294A4C850091B29E /* PhotoApp.app */ = {isa = PBXFileReference; explicitFileType = wrapper.application; includeInIndex = 0; path = PhotoApp.app; sourceTree = BUILT_PRODUCTS_DIR; };
		08036A16294A4C850091B29E /* AppDelegate.swift */ = {isa = PBXFileReference; lastKnownFileType = sourcecode.swift; path = AppDelegate.swift; sourceTree = "<group>"; };
		08036A18294A4C850091B29E /* SceneDelegate.swift */ = {isa = PBXFileReference; lastKnownFileType = sourcecode.swift; path = SceneDelegate.swift; sourceTree = "<group>"; };
		08036A1D294A4C850091B29E /* Base */ = {isa = PBXFileReference; lastKnownFileType = file.storyboard; name = Base; path = Base.lproj/Main.storyboard; sourceTree = "<group>"; };
		08036A1F294A4C880091B29E /* Assets.xcassets */ = {isa = PBXFileReference; lastKnownFileType = folder.assetcatalog; path = Assets.xcassets; sourceTree = "<group>"; };
		08036A22294A4C880091B29E /* Base */ = {isa = PBXFileReference; lastKnownFileType = file.storyboard; name = Base; path = Base.lproj/LaunchScreen.storyboard; sourceTree = "<group>"; };
		08036A24294A4C880091B29E /* Info.plist */ = {isa = PBXFileReference; lastKnownFileType = text.plist.xml; path = Info.plist; sourceTree = "<group>"; };
		08036A32294A54760091B29E /* LoginViewController.swift */ = {isa = PBXFileReference; lastKnownFileType = sourcecode.swift; path = LoginViewController.swift; sourceTree = "<group>"; };
		08036A34294A54F00091B29E /* CreateProfileViewController.swift */ = {isa = PBXFileReference; lastKnownFileType = sourcecode.swift; path = CreateProfileViewController.swift; sourceTree = "<group>"; };
		08036A36294A57420091B29E /* FeedViewController.swift */ = {isa = PBXFileReference; lastKnownFileType = sourcecode.swift; path = FeedViewController.swift; sourceTree = "<group>"; };
		08036A38294A57C80091B29E /* CameraViewController.swift */ = {isa = PBXFileReference; lastKnownFileType = sourcecode.swift; path = CameraViewController.swift; sourceTree = "<group>"; };
		08036A3A294A57D20091B29E /* SettingsViewController.swift */ = {isa = PBXFileReference; lastKnownFileType = sourcecode.swift; path = SettingsViewController.swift; sourceTree = "<group>"; };
		08036A3C294A68D10091B29E /* GoogleService-Info.plist */ = {isa = PBXFileReference; fileEncoding = 4; lastKnownFileType = text.plist.xml; path = "GoogleService-Info.plist"; sourceTree = "<group>"; };
		089A1322294AFEA800864174 /* UserService.swift */ = {isa = PBXFileReference; lastKnownFileType = sourcecode.swift; path = UserService.swift; sourceTree = "<group>"; };
		089A1324294AFFF700864174 /* PhotoUser.swift */ = {isa = PBXFileReference; lastKnownFileType = sourcecode.swift; path = PhotoUser.swift; sourceTree = "<group>"; };
		089A1326294B035400864174 /* Constants.swift */ = {isa = PBXFileReference; lastKnownFileType = sourcecode.swift; path = Constants.swift; sourceTree = "<group>"; };
		089A1328294B0EE200864174 /* LocalStorageService.swift */ = {isa = PBXFileReference; lastKnownFileType = sourcecode.swift; path = LocalStorageService.swift; sourceTree = "<group>"; };
		089A132A294B22B500864174 /* MainTabBarController.swift */ = {isa = PBXFileReference; lastKnownFileType = sourcecode.swift; path = MainTabBarController.swift; sourceTree = "<group>"; };
		089A132C294B43A700864174 /* Photo.swift */ = {isa = PBXFileReference; lastKnownFileType = sourcecode.swift; path = Photo.swift; sourceTree = "<group>"; };
		089A132E294B43E200864174 /* PhotoService.swift */ = {isa = PBXFileReference; lastKnownFileType = sourcecode.swift; path = PhotoService.swift; sourceTree = "<group>"; };
		08F5335C294F346800B623EC /* PhotoCell.swift */ = {isa = PBXFileReference; lastKnownFileType = sourcecode.swift; path = PhotoCell.swift; sourceTree = "<group>"; };
		08F5335E294F516E00B623EC /* ImageCacheService.swift */ = {isa = PBXFileReference; lastKnownFileType = sourcecode.swift; path = ImageCacheService.swift; sourceTree = "<group>"; };
		3C9F822B885359BE8A41A577 /* Pods-PhotoApp.debug.xcconfig */ = {isa = PBXFileReference; includeInIndex = 1; lastKnownFileType = text.xcconfig; name = "Pods-PhotoApp.debug.xcconfig"; path = "Target Support Files/Pods-PhotoApp/Pods-PhotoApp.debug.xcconfig"; sourceTree = "<group>"; };
		E68EFE9245E6B21BF68FD9F4 /* Pods_PhotoApp.framework */ = {isa = PBXFileReference; explicitFileType = wrapper.framework; includeInIndex = 0; path = Pods_PhotoApp.framework; sourceTree = BUILT_PRODUCTS_DIR; };
		FAD1D16889EF1E95C8527F17 /* Pods-PhotoApp.release.xcconfig */ = {isa = PBXFileReference; includeInIndex = 1; lastKnownFileType = text.xcconfig; name = "Pods-PhotoApp.release.xcconfig"; path = "Target Support Files/Pods-PhotoApp/Pods-PhotoApp.release.xcconfig"; sourceTree = "<group>"; };
/* End PBXFileReference section */

/* Begin PBXFrameworksBuildPhase section */
		08036A10294A4C850091B29E /* Frameworks */ = {
			isa = PBXFrameworksBuildPhase;
			buildActionMask = 2147483647;
			files = (
				D3C74049C5F7E4B31520542C /* Pods_PhotoApp.framework in Frameworks */,
			);
			runOnlyForDeploymentPostprocessing = 0;
		};
/* End PBXFrameworksBuildPhase section */

/* Begin PBXGroup section */
		08036A0A294A4C850091B29E = {
			isa = PBXGroup;
			children = (
				08036A15294A4C850091B29E /* PhotoApp */,
				08036A14294A4C850091B29E /* Products */,
				BD10C10C46B066987E2537F4 /* Pods */,
				AA6155F742D4763BA66F566D /* Frameworks */,
			);
			sourceTree = "<group>";
		};
		08036A14294A4C850091B29E /* Products */ = {
			isa = PBXGroup;
			children = (
				08036A13294A4C850091B29E /* PhotoApp.app */,
			);
			name = Products;
			sourceTree = "<group>";
		};
		08036A15294A4C850091B29E /* PhotoApp */ = {
			isa = PBXGroup;
			children = (
				08036A16294A4C850091B29E /* AppDelegate.swift */,
				08036A18294A4C850091B29E /* SceneDelegate.swift */,
				08036A31294A542E0091B29E /* ViewControllers */,
				08036A30294A54280091B29E /* Models */,
				08036A2F294A54210091B29E /* Views */,
				08036A2E294A541B0091B29E /* Helpers */,
				08036A2D294A53FB0091B29E /* Services */,
				08036A2C294A53CA0091B29E /* Storyboards */,
				08036A24294A4C880091B29E /* Info.plist */,
				08036A3C294A68D10091B29E /* GoogleService-Info.plist */,
				08036A1F294A4C880091B29E /* Assets.xcassets */,
			);
			path = PhotoApp;
			sourceTree = "<group>";
		};
		08036A2C294A53CA0091B29E /* Storyboards */ = {
			isa = PBXGroup;
			children = (
				08036A1C294A4C850091B29E /* Main.storyboard */,
				08036A21294A4C880091B29E /* LaunchScreen.storyboard */,
			);
			path = Storyboards;
			sourceTree = "<group>";
		};
		08036A2D294A53FB0091B29E /* Services */ = {
			isa = PBXGroup;
			children = (
				089A1322294AFEA800864174 /* UserService.swift */,
				089A1328294B0EE200864174 /* LocalStorageService.swift */,
				089A132E294B43E200864174 /* PhotoService.swift */,
				08F5335E294F516E00B623EC /* ImageCacheService.swift */,
			);
			path = Services;
			sourceTree = "<group>";
		};
		08036A2E294A541B0091B29E /* Helpers */ = {
			isa = PBXGroup;
			children = (
				089A1326294B035400864174 /* Constants.swift */,
			);
			path = Helpers;
			sourceTree = "<group>";
		};
		08036A2F294A54210091B29E /* Views */ = {
			isa = PBXGroup;
			children = (
				08F5335C294F346800B623EC /* PhotoCell.swift */,
			);
			path = Views;
			sourceTree = "<group>";
		};
		08036A30294A54280091B29E /* Models */ = {
			isa = PBXGroup;
			children = (
				089A1324294AFFF700864174 /* PhotoUser.swift */,
				089A132C294B43A700864174 /* Photo.swift */,
			);
			path = Models;
			sourceTree = "<group>";
		};
		08036A31294A542E0091B29E /* ViewControllers */ = {
			isa = PBXGroup;
			children = (
				08036A32294A54760091B29E /* LoginViewController.swift */,
				08036A34294A54F00091B29E /* CreateProfileViewController.swift */,
				08036A36294A57420091B29E /* FeedViewController.swift */,
				08036A38294A57C80091B29E /* CameraViewController.swift */,
				08036A3A294A57D20091B29E /* SettingsViewController.swift */,
				089A132A294B22B500864174 /* MainTabBarController.swift */,
			);
			path = ViewControllers;
			sourceTree = "<group>";
		};
		AA6155F742D4763BA66F566D /* Frameworks */ = {
			isa = PBXGroup;
			children = (
				E68EFE9245E6B21BF68FD9F4 /* Pods_PhotoApp.framework */,
			);
			name = Frameworks;
			sourceTree = "<group>";
		};
		BD10C10C46B066987E2537F4 /* Pods */ = {
			isa = PBXGroup;
			children = (
				3C9F822B885359BE8A41A577 /* Pods-PhotoApp.debug.xcconfig */,
				FAD1D16889EF1E95C8527F17 /* Pods-PhotoApp.release.xcconfig */,
			);
			path = Pods;
			sourceTree = "<group>";
		};
/* End PBXGroup section */

/* Begin PBXNativeTarget section */
		08036A12294A4C850091B29E /* PhotoApp */ = {
			isa = PBXNativeTarget;
			buildConfigurationList = 08036A27294A4C880091B29E /* Build configuration list for PBXNativeTarget "PhotoApp" */;
			buildPhases = (
				05292FAF97320567E570A238 /* [CP] Check Pods Manifest.lock */,
				08036A0F294A4C850091B29E /* Sources */,
				08036A10294A4C850091B29E /* Frameworks */,
				08036A11294A4C850091B29E /* Resources */,
				A20EF215905B2C6EB21FF9E8 /* [CP] Embed Pods Frameworks */,
			);
			buildRules = (
			);
			dependencies = (
			);
			name = PhotoApp;
			productName = PhotoApp;
			productReference = 08036A13294A4C850091B29E /* PhotoApp.app */;
			productType = "com.apple.product-type.application";
		};
/* End PBXNativeTarget section */

/* Begin PBXProject section */
		08036A0B294A4C850091B29E /* Project object */ = {
			isa = PBXProject;
			attributes = {
				BuildIndependentTargetsInParallel = 1;
				LastSwiftUpdateCheck = 1320;
				LastUpgradeCheck = 1320;
				TargetAttributes = {
					08036A12294A4C850091B29E = {
						CreatedOnToolsVersion = 13.2;
					};
				};
			};
			buildConfigurationList = 08036A0E294A4C850091B29E /* Build configuration list for PBXProject "PhotoApp" */;
			compatibilityVersion = "Xcode 13.0";
			developmentRegion = en;
			hasScannedForEncodings = 0;
			knownRegions = (
				en,
				Base,
			);
			mainGroup = 08036A0A294A4C850091B29E;
			productRefGroup = 08036A14294A4C850091B29E /* Products */;
			projectDirPath = "";
			projectRoot = "";
			targets = (
				08036A12294A4C850091B29E /* PhotoApp */,
			);
		};
/* End PBXProject section */

/* Begin PBXResourcesBuildPhase section */
		08036A11294A4C850091B29E /* Resources */ = {
			isa = PBXResourcesBuildPhase;
			buildActionMask = 2147483647;
			files = (
				08036A23294A4C880091B29E /* LaunchScreen.storyboard in Resources */,
				08036A20294A4C880091B29E /* Assets.xcassets in Resources */,
				08036A3D294A68D10091B29E /* GoogleService-Info.plist in Resources */,
				08036A1E294A4C850091B29E /* Main.storyboard in Resources */,
			);
			runOnlyForDeploymentPostprocessing = 0;
		};
/* End PBXResourcesBuildPhase section */

/* Begin PBXShellScriptBuildPhase section */
		05292FAF97320567E570A238 /* [CP] Check Pods Manifest.lock */ = {
			isa = PBXShellScriptBuildPhase;
			buildActionMask = 2147483647;
			files = (
			);
			inputFileListPaths = (
			);
			inputPaths = (
				"${PODS_PODFILE_DIR_PATH}/Podfile.lock",
				"${PODS_ROOT}/Manifest.lock",
			);
			name = "[CP] Check Pods Manifest.lock";
			outputFileListPaths = (
			);
			outputPaths = (
				"$(DERIVED_FILE_DIR)/Pods-PhotoApp-checkManifestLockResult.txt",
			);
			runOnlyForDeploymentPostprocessing = 0;
			shellPath = /bin/sh;
			shellScript = "diff \"${PODS_PODFILE_DIR_PATH}/Podfile.lock\" \"${PODS_ROOT}/Manifest.lock\" > /dev/null\nif [ $? != 0 ] ; then\n    # print error to STDERR\n    echo \"error: The sandbox is not in sync with the Podfile.lock. Run 'pod install' or update your CocoaPods installation.\" >&2\n    exit 1\nfi\n# This output is used by Xcode 'outputs' to avoid re-running this script phase.\necho \"SUCCESS\" > \"${SCRIPT_OUTPUT_FILE_0}\"\n";
			showEnvVarsInLog = 0;
		};
		A20EF215905B2C6EB21FF9E8 /* [CP] Embed Pods Frameworks */ = {
			isa = PBXShellScriptBuildPhase;
			buildActionMask = 2147483647;
			files = (
			);
			inputFileListPaths = (
				"${PODS_ROOT}/Target Support Files/Pods-PhotoApp/Pods-PhotoApp-frameworks-${CONFIGURATION}-input-files.xcfilelist",
			);
			name = "[CP] Embed Pods Frameworks";
			outputFileListPaths = (
				"${PODS_ROOT}/Target Support Files/Pods-PhotoApp/Pods-PhotoApp-frameworks-${CONFIGURATION}-output-files.xcfilelist",
			);
			runOnlyForDeploymentPostprocessing = 0;
			shellPath = /bin/sh;
			shellScript = "\"${PODS_ROOT}/Target Support Files/Pods-PhotoApp/Pods-PhotoApp-frameworks.sh\"\n";
			showEnvVarsInLog = 0;
		};
/* End PBXShellScriptBuildPhase section */

/* Begin PBXSourcesBuildPhase section */
		08036A0F294A4C850091B29E /* Sources */ = {
			isa = PBXSourcesBuildPhase;
			buildActionMask = 2147483647;
			files = (
				08036A35294A54F00091B29E /* CreateProfileViewController.swift in Sources */,
				08F5335D294F346800B623EC /* PhotoCell.swift in Sources */,
				08036A33294A54760091B29E /* LoginViewController.swift in Sources */,
				089A132B294B22B500864174 /* MainTabBarController.swift in Sources */,
				08036A3B294A57D20091B29E /* SettingsViewController.swift in Sources */,
				08036A37294A57420091B29E /* FeedViewController.swift in Sources */,
				089A1323294AFEA800864174 /* UserService.swift in Sources */,
				089A132F294B43E200864174 /* PhotoService.swift in Sources */,
				089A132D294B43A700864174 /* Photo.swift in Sources */,
				089A1327294B035400864174 /* Constants.swift in Sources */,
				08F5335F294F516E00B623EC /* ImageCacheService.swift in Sources */,
				089A1325294AFFF700864174 /* PhotoUser.swift in Sources */,
				08036A17294A4C850091B29E /* AppDelegate.swift in Sources */,
				08036A19294A4C850091B29E /* SceneDelegate.swift in Sources */,
				08036A39294A57C80091B29E /* CameraViewController.swift in Sources */,
				089A1329294B0EE200864174 /* LocalStorageService.swift in Sources */,
			);
			runOnlyForDeploymentPostprocessing = 0;
		};
/* End PBXSourcesBuildPhase section */

/* Begin PBXVariantGroup section */
		08036A1C294A4C850091B29E /* Main.storyboard */ = {
			isa = PBXVariantGroup;
			children = (
				08036A1D294A4C850091B29E /* Base */,
			);
			name = Main.storyboard;
			sourceTree = "<group>";
		};
		08036A21294A4C880091B29E /* LaunchScreen.storyboard */ = {
			isa = PBXVariantGroup;
			children = (
				08036A22294A4C880091B29E /* Base */,
			);
			name = LaunchScreen.storyboard;
			sourceTree = "<group>";
		};
/* End PBXVariantGroup section */

/* Begin XCBuildConfiguration section */
		08036A25294A4C880091B29E /* Debug */ = {
			isa = XCBuildConfiguration;
			buildSettings = {
				ALWAYS_SEARCH_USER_PATHS = NO;
				CLANG_ANALYZER_NONNULL = YES;
				CLANG_ANALYZER_NUMBER_OBJECT_CONVERSION = YES_AGGRESSIVE;
				CLANG_CXX_LANGUAGE_STANDARD = "gnu++17";
				CLANG_CXX_LIBRARY = "libc++";
				CLANG_ENABLE_MODULES = YES;
				CLANG_ENABLE_OBJC_ARC = YES;
				CLANG_ENABLE_OBJC_WEAK = YES;
				CLANG_WARN_BLOCK_CAPTURE_AUTORELEASING = YES;
				CLANG_WARN_BOOL_CONVERSION = YES;
				CLANG_WARN_COMMA = YES;
				CLANG_WARN_CONSTANT_CONVERSION = YES;
				CLANG_WARN_DEPRECATED_OBJC_IMPLEMENTATIONS = YES;
				CLANG_WARN_DIRECT_OBJC_ISA_USAGE = YES_ERROR;
				CLANG_WARN_DOCUMENTATION_COMMENTS = YES;
				CLANG_WARN_EMPTY_BODY = YES;
				CLANG_WARN_ENUM_CONVERSION = YES;
				CLANG_WARN_INFINITE_RECURSION = YES;
				CLANG_WARN_INT_CONVERSION = YES;
				CLANG_WARN_NON_LITERAL_NULL_CONVERSION = YES;
				CLANG_WARN_OBJC_IMPLICIT_RETAIN_SELF = YES;
				CLANG_WARN_OBJC_LITERAL_CONVERSION = YES;
				CLANG_WARN_OBJC_ROOT_CLASS = YES_ERROR;
				CLANG_WARN_QUOTED_INCLUDE_IN_FRAMEWORK_HEADER = YES;
				CLANG_WARN_RANGE_LOOP_ANALYSIS = YES;
				CLANG_WARN_STRICT_PROTOTYPES = YES;
				CLANG_WARN_SUSPICIOUS_MOVE = YES;
				CLANG_WARN_UNGUARDED_AVAILABILITY = YES_AGGRESSIVE;
				CLANG_WARN_UNREACHABLE_CODE = YES;
				CLANG_WARN__DUPLICATE_METHOD_MATCH = YES;
				COPY_PHASE_STRIP = NO;
				DEBUG_INFORMATION_FORMAT = dwarf;
				ENABLE_STRICT_OBJC_MSGSEND = YES;
				ENABLE_TESTABILITY = YES;
				GCC_C_LANGUAGE_STANDARD = gnu11;
				GCC_DYNAMIC_NO_PIC = NO;
				GCC_NO_COMMON_BLOCKS = YES;
				GCC_OPTIMIZATION_LEVEL = 0;
				GCC_PREPROCESSOR_DEFINITIONS = (
					"DEBUG=1",
					"$(inherited)",
				);
				GCC_WARN_64_TO_32_BIT_CONVERSION = YES;
				GCC_WARN_ABOUT_RETURN_TYPE = YES_ERROR;
				GCC_WARN_UNDECLARED_SELECTOR = YES;
				GCC_WARN_UNINITIALIZED_AUTOS = YES_AGGRESSIVE;
				GCC_WARN_UNUSED_FUNCTION = YES;
				GCC_WARN_UNUSED_VARIABLE = YES;
				IPHONEOS_DEPLOYMENT_TARGET = 15.2;
				MTL_ENABLE_DEBUG_INFO = INCLUDE_SOURCE;
				MTL_FAST_MATH = YES;
				ONLY_ACTIVE_ARCH = YES;
				SDKROOT = iphoneos;
				SWIFT_ACTIVE_COMPILATION_CONDITIONS = DEBUG;
				SWIFT_OPTIMIZATION_LEVEL = "-Onone";
			};
			name = Debug;
		};
		08036A26294A4C880091B29E /* Release */ = {
			isa = XCBuildConfiguration;
			buildSettings = {
				ALWAYS_SEARCH_USER_PATHS = NO;
				CLANG_ANALYZER_NONNULL = YES;
				CLANG_ANALYZER_NUMBER_OBJECT_CONVERSION = YES_AGGRESSIVE;
				CLANG_CXX_LANGUAGE_STANDARD = "gnu++17";
				CLANG_CXX_LIBRARY = "libc++";
				CLANG_ENABLE_MODULES = YES;
				CLANG_ENABLE_OBJC_ARC = YES;
				CLANG_ENABLE_OBJC_WEAK = YES;
				CLANG_WARN_BLOCK_CAPTURE_AUTORELEASING = YES;
				CLANG_WARN_BOOL_CONVERSION = YES;
				CLANG_WARN_COMMA = YES;
				CLANG_WARN_CONSTANT_CONVERSION = YES;
				CLANG_WARN_DEPRECATED_OBJC_IMPLEMENTATIONS = YES;
				CLANG_WARN_DIRECT_OBJC_ISA_USAGE = YES_ERROR;
				CLANG_WARN_DOCUMENTATION_COMMENTS = YES;
				CLANG_WARN_EMPTY_BODY = YES;
				CLANG_WARN_ENUM_CONVERSION = YES;
				CLANG_WARN_INFINITE_RECURSION = YES;
				CLANG_WARN_INT_CONVERSION = YES;
				CLANG_WARN_NON_LITERAL_NULL_CONVERSION = YES;
				CLANG_WARN_OBJC_IMPLICIT_RETAIN_SELF = YES;
				CLANG_WARN_OBJC_LITERAL_CONVERSION = YES;
				CLANG_WARN_OBJC_ROOT_CLASS = YES_ERROR;
				CLANG_WARN_QUOTED_INCLUDE_IN_FRAMEWORK_HEADER = YES;
				CLANG_WARN_RANGE_LOOP_ANALYSIS = YES;
				CLANG_WARN_STRICT_PROTOTYPES = YES;
				CLANG_WARN_SUSPICIOUS_MOVE = YES;
				CLANG_WARN_UNGUARDED_AVAILABILITY = YES_AGGRESSIVE;
				CLANG_WARN_UNREACHABLE_CODE = YES;
				CLANG_WARN__DUPLICATE_METHOD_MATCH = YES;
				COPY_PHASE_STRIP = NO;
				DEBUG_INFORMATION_FORMAT = "dwarf-with-dsym";
				ENABLE_NS_ASSERTIONS = NO;
				ENABLE_STRICT_OBJC_MSGSEND = YES;
				GCC_C_LANGUAGE_STANDARD = gnu11;
				GCC_NO_COMMON_BLOCKS = YES;
				GCC_WARN_64_TO_32_BIT_CONVERSION = YES;
				GCC_WARN_ABOUT_RETURN_TYPE = YES_ERROR;
				GCC_WARN_UNDECLARED_SELECTOR = YES;
				GCC_WARN_UNINITIALIZED_AUTOS = YES_AGGRESSIVE;
				GCC_WARN_UNUSED_FUNCTION = YES;
				GCC_WARN_UNUSED_VARIABLE = YES;
				IPHONEOS_DEPLOYMENT_TARGET = 15.2;
				MTL_ENABLE_DEBUG_INFO = NO;
				MTL_FAST_MATH = YES;
				SDKROOT = iphoneos;
				SWIFT_COMPILATION_MODE = wholemodule;
				SWIFT_OPTIMIZATION_LEVEL = "-O";
				VALIDATE_PRODUCT = YES;
			};
			name = Release;
		};
		08036A28294A4C880091B29E /* Debug */ = {
			isa = XCBuildConfiguration;
			baseConfigurationReference = 3C9F822B885359BE8A41A577 /* Pods-PhotoApp.debug.xcconfig */;
			buildSettings = {
				ASSETCATALOG_COMPILER_APPICON_NAME = AppIcon;
				ASSETCATALOG_COMPILER_GLOBAL_ACCENT_COLOR_NAME = AccentColor;
				CODE_SIGN_STYLE = Automatic;
				CURRENT_PROJECT_VERSION = 1;
				DEVELOPMENT_TEAM = QQ5FDJWTRX;
				GENERATE_INFOPLIST_FILE = YES;
				INFOPLIST_FILE = PhotoApp/Info.plist;
				INFOPLIST_KEY_UIApplicationSupportsIndirectInputEvents = YES;
				INFOPLIST_KEY_UILaunchStoryboardName = LaunchScreen;
				INFOPLIST_KEY_UIMainStoryboardFile = Main;
				INFOPLIST_KEY_UISupportedInterfaceOrientations_iPad = "UIInterfaceOrientationPortrait UIInterfaceOrientationPortraitUpsideDown UIInterfaceOrientationLandscapeLeft UIInterfaceOrientationLandscapeRight";
				INFOPLIST_KEY_UISupportedInterfaceOrientations_iPhone = "UIInterfaceOrientationPortrait UIInterfaceOrientationLandscapeLeft UIInterfaceOrientationLandscapeRight";
				LD_RUNPATH_SEARCH_PATHS = (
					"$(inherited)",
					"@executable_path/Frameworks",
				);
				MARKETING_VERSION = 1.0;
				PRODUCT_BUNDLE_IDENTIFIER = ru.afirthes.PhotoApp;
				PRODUCT_NAME = "$(TARGET_NAME)";
				SWIFT_EMIT_LOC_STRINGS = YES;
				SWIFT_VERSION = 5.0;
				TARGETED_DEVICE_FAMILY = "1,2";
			};
			name = Debug;
		};
		08036A29294A4C880091B29E /* Release */ = {
			isa = XCBuildConfiguration;
			baseConfigurationReference = FAD1D16889EF1E95C8527F17 /* Pods-PhotoApp.release.xcconfig */;
			buildSettings = {
				ASSETCATALOG_COMPILER_APPICON_NAME = AppIcon;
				ASSETCATALOG_COMPILER_GLOBAL_ACCENT_COLOR_NAME = AccentColor;
				CODE_SIGN_STYLE = Automatic;
				CURRENT_PROJECT_VERSION = 1;
				DEVELOPMENT_TEAM = QQ5FDJWTRX;
				GENERATE_INFOPLIST_FILE = YES;
				INFOPLIST_FILE = PhotoApp/Info.plist;
				INFOPLIST_KEY_UIApplicationSupportsIndirectInputEvents = YES;
				INFOPLIST_KEY_UILaunchStoryboardName = LaunchScreen;
				INFOPLIST_KEY_UIMainStoryboardFile = Main;
				INFOPLIST_KEY_UISupportedInterfaceOrientations_iPad = "UIInterfaceOrientationPortrait UIInterfaceOrientationPortraitUpsideDown UIInterfaceOrientationLandscapeLeft UIInterfaceOrientationLandscapeRight";
				INFOPLIST_KEY_UISupportedInterfaceOrientations_iPhone = "UIInterfaceOrientationPortrait UIInterfaceOrientationLandscapeLeft UIInterfaceOrientationLandscapeRight";
				LD_RUNPATH_SEARCH_PATHS = (
					"$(inherited)",
					"@executable_path/Frameworks",
				);
				MARKETING_VERSION = 1.0;
				PRODUCT_BUNDLE_IDENTIFIER = ru.afirthes.PhotoApp;
				PRODUCT_NAME = "$(TARGET_NAME)";
				SWIFT_EMIT_LOC_STRINGS = YES;
				SWIFT_VERSION = 5.0;
				TARGETED_DEVICE_FAMILY = "1,2";
			};
			name = Release;
		};
/* End XCBuildConfiguration section */

/* Begin XCConfigurationList section */
		08036A0E294A4C850091B29E /* Build configuration list for PBXProject "PhotoApp" */ = {
			isa = XCConfigurationList;
			buildConfigurations = (
				08036A25294A4C880091B29E /* Debug */,
				08036A26294A4C880091B29E /* Release */,
			);
			defaultConfigurationIsVisible = 0;
			defaultConfigurationName = Release;
		};
		08036A27294A4C880091B29E /* Build configuration list for PBXNativeTarget "PhotoApp" */ = {
			isa = XCConfigurationList;
			buildConfigurations = (
				08036A28294A4C880091B29E /* Debug */,
				08036A29294A4C880091B29E /* Release */,
			);
			defaultConfigurationIsVisible = 0;
			defaultConfigurationName = Release;
		};
/* End XCConfigurationList section */
	};
	rootObject = 08036A0B294A4C850091B29E /* Project object */;
}
